
Microsoft Visual Studio Solution File, Format Version 12.00
# Visual Studio 15
VisualStudioVersion = 15.0.26124.0
MinimumVisualStudioVersion = 15.0.26124.0
Project("{FAE04EC0-301F-11D3-BF4B-00C04F79EFBC}") = "Loja.API", "Loja.API\Loja.API.csproj", "{1649F981-235B-476D-AC66-E1C95A87E77F}"
EndProject
Project("{FAE04EC0-301F-11D3-BF4B-00C04F79EFBC}") = "Loja.Business", "Loja.Business\Loja.Business.csproj", "{51E0ECF6-0A4A-47CB-84CE-CD7E5E4B423C}"
EndProject
Project("{FAE04EC0-301F-11D3-BF4B-00C04F79EFBC}") = "Loja.Repository", "Loja.Repository\Loja.Repository.csproj", "{28E23840-D1F3-4F8B-844A-ED4B40EAD10F}"
EndProject
Project("{FAE04EC0-301F-11D3-BF4B-00C04F79EFBC}") = "Loja.Domain", "Loja.Domain\Loja.Domain.csproj", "{56E52F82-7964-4EA9-B947-59D23E51EFF8}"
EndProject
Global
	GlobalSection(SolutionConfigurationPlatforms) = preSolution
		Debug|Any CPU = Debug|Any CPU
		Debug|x64 = Debug|x64
		Debug|x86 = Debug|x86
		Release|Any CPU = Release|Any CPU
		Release|x64 = Release|x64
		Release|x86 = Release|x86
	EndGlobalSection
	GlobalSection(SolutionProperties) = preSolution
		HideSolutionNode = FALSE
	EndGlobalSection
	GlobalSection(ProjectConfigurationPlatforms) = postSolution
		{1649F981-235B-476D-AC66-E1C95A87E77F}.Debug|Any CPU.ActiveCfg = Debug|Any CPU
		{1649F981-235B-476D-AC66-E1C95A87E77F}.Debug|Any CPU.Build.0 = Debug|Any CPU
		{1649F981-235B-476D-AC66-E1C95A87E77F}.Debug|x64.ActiveCfg = Debug|Any CPU
		{1649F981-235B-476D-AC66-E1C95A87E77F}.Debug|x64.Build.0 = Debug|Any CPU
		{1649F981-235B-476D-AC66-E1C95A87E77F}.Debug|x86.ActiveCfg = Debug|Any CPU
		{1649F981-235B-476D-AC66-E1C95A87E77F}.Debug|x86.Build.0 = Debug|Any CPU
		{1649F981-235B-476D-AC66-E1C95A87E77F}.Release|Any CPU.ActiveCfg = Release|Any CPU
		{1649F981-235B-476D-AC66-E1C95A87E77F}.Release|Any CPU.Build.0 = Release|Any CPU
		{1649F981-235B-476D-AC66-E1C95A87E77F}.Release|x64.ActiveCfg = Release|Any CPU
		{1649F981-235B-476D-AC66-E1C95A87E77F}.Release|x64.Build.0 = Release|Any CPU
		{1649F981-235B-476D-AC66-E1C95A87E77F}.Release|x86.ActiveCfg = Release|Any CPU
		{1649F981-235B-476D-AC66-E1C95A87E77F}.Release|x86.Build.0 = Release|Any CPU
		{51E0ECF6-0A4A-47CB-84CE-CD7E5E4B423C}.Debug|Any CPU.ActiveCfg = Debug|Any CPU
		{51E0ECF6-0A4A-47CB-84CE-CD7E5E4B423C}.Debug|Any CPU.Build.0 = Debug|Any CPU
		{51E0ECF6-0A4A-47CB-84CE-CD7E5E4B423C}.Debug|x64.ActiveCfg = Debug|Any CPU
		{51E0ECF6-0A4A-47CB-84CE-CD7E5E4B423C}.Debug|x64.Build.0 = Debug|Any CPU
		{51E0ECF6-0A4A-47CB-84CE-CD7E5E4B423C}.Debug|x86.ActiveCfg = Debug|Any CPU
		{51E0ECF6-0A4A-47CB-84CE-CD7E5E4B423C}.Debug|x86.Build.0 = Debug|Any CPU
		{51E0ECF6-0A4A-47CB-84CE-CD7E5E4B423C}.Release|Any CPU.ActiveCfg = Release|Any CPU
		{51E0ECF6-0A4A-47CB-84CE-CD7E5E4B423C}.Release|Any CPU.Build.0 = Release|Any CPU
		{51E0ECF6-0A4A-47CB-84CE-CD7E5E4B423C}.Release|x64.ActiveCfg = Release|Any CPU
		{51E0ECF6-0A4A-47CB-84CE-CD7E5E4B423C}.Release|x64.Build.0 = Release|Any CPU
		{51E0ECF6-0A4A-47CB-84CE-CD7E5E4B423C}.Release|x86.ActiveCfg = Release|Any CPU
		{51E0ECF6-0A4A-47CB-84CE-CD7E5E4B423C}.Release|x86.Build.0 = Release|Any CPU
		{28E23840-D1F3-4F8B-844A-ED4B40EAD10F}.Debug|Any CPU.ActiveCfg = Debug|Any CPU
		{28E23840-D1F3-4F8B-844A-ED4B40EAD10F}.Debug|Any CPU.Build.0 = Debug|Any CPU
		{28E23840-D1F3-4F8B-844A-ED4B40EAD10F}.Debug|x64.ActiveCfg = Debug|Any CPU
		{28E23840-D1F3-4F8B-844A-ED4B40EAD10F}.Debug|x64.Build.0 = Debug|Any CPU
		{28E23840-D1F3-4F8B-844A-ED4B40EAD10F}.Debug|x86.ActiveCfg = Debug|Any CPU
		{28E23840-D1F3-4F8B-844A-ED4B40EAD10F}.Debug|x86.Build.0 = Debug|Any CPU
		{28E23840-D1F3-4F8B-844A-ED4B40EAD10F}.Release|Any CPU.ActiveCfg = Release|Any CPU
		{28E23840-D1F3-4F8B-844A-ED4B40EAD10F}.Release|Any CPU.Build.0 = Release|Any CPU
		{28E23840-D1F3-4F8B-844A-ED4B40EAD10F}.Release|x64.ActiveCfg = Release|Any CPU
		{28E23840-D1F3-4F8B-844A-ED4B40EAD10F}.Release|x64.Build.0 = Release|Any CPU
		{28E23840-D1F3-4F8B-844A-ED4B40EAD10F}.Release|x86.ActiveCfg = Release|Any CPU
		{28E23840-D1F3-4F8B-844A-ED4B40EAD10F}.Release|x86.Build.0 = Release|Any CPU
		{56E52F82-7964-4EA9-B947-59D23E51EFF8}.Debug|Any CPU.ActiveCfg = Debug|Any CPU
		{56E52F82-7964-4EA9-B947-59D23E51EFF8}.Debug|Any CPU.Build.0 = Debug|Any CPU
		{56E52F82-7964-4EA9-B947-59D23E51EFF8}.Debug|x64.ActiveCfg = Debug|Any CPU
		{56E52F82-7964-4EA9-B947-59D23E51EFF8}.Debug|x64.Build.0 = Debug|Any CPU
		{56E52F82-7964-4EA9-B947-59D23E51EFF8}.Debug|x86.ActiveCfg = Debug|Any CPU
		{56E52F82-7964-4EA9-B947-59D23E51EFF8}.Debug|x86.Build.0 = Debug|Any CPU
		{56E52F82-7964-4EA9-B947-59D23E51EFF8}.Release|Any CPU.ActiveCfg = Release|Any CPU
		{56E52F82-7964-4EA9-B947-59D23E51EFF8}.Release|Any CPU.Build.0 = Release|Any CPU
		{56E52F82-7964-4EA9-B947-59D23E51EFF8}.Release|x64.ActiveCfg = Release|Any CPU
		{56E52F82-7964-4EA9-B947-59D23E51EFF8}.Release|x64.Build.0 = Release|Any CPU
		{56E52F82-7964-4EA9-B947-59D23E51EFF8}.Release|x86.ActiveCfg = Release|Any CPU
		{56E52F82-7964-4EA9-B947-59D23E51EFF8}.Release|x86.Build.0 = Release|Any CPU
	EndGlobalSection
EndGlobal
